
Microsoft Visual Studio Solution File, Format Version 12.00
# Visual Studio Version 16
VisualStudioVersion = 16.0.31702.278
MinimumVisualStudioVersion = 10.0.40219.1
Project("{FAE04EC0-301F-11D3-BF4B-00C04F79EFBC}") = "ExempleOperatori", "ExempleOperatori\ExempleOperatori.csproj", "{B5E66B87-6763-489D-8C0E-FDB5ED85E387}"
EndProject
Global
	GlobalSection(SolutionConfigurationPlatforms) = preSolution
		Debug|Any CPU = Debug|Any CPU
		Release|Any CPU = Release|Any CPU
	EndGlobalSection
	GlobalSection(ProjectConfigurationPlatforms) = postSolution
		{B5E66B87-6763-489D-8C0E-FDB5ED85E387}.Debug|Any CPU.ActiveCfg = Debug|Any CPU
		{B5E66B87-6763-489D-8C0E-FDB5ED85E387}.Debug|Any CPU.Build.0 = Debug|Any CPU
		{B5E66B87-6763-489D-8C0E-FDB5ED85E387}.Release|Any CPU.ActiveCfg = Release|Any CPU
		{B5E66B87-6763-489D-8C0E-FDB5ED85E387}.Release|Any CPU.Build.0 = Release|Any CPU
	EndGlobalSection
	GlobalSection(SolutionProperties) = preSolution
		HideSolutionNode = FALSE
	EndGlobalSection
	GlobalSection(ExtensibilityGlobals) = postSolution
		SolutionGuid = {5BA6016D-9ADF-4BE2-ADB0-D962B8E7C071}
	EndGlobalSection
EndGlobal
